// !$*UTF8*$!
{
	archiveVersion = 1;
	classes = {
	};
	objectVersion = 50;
	objects = {

/* Begin PBXBuildFile section */
		180CCBBA241372270053742C /* DetailViewControllerTests.swift in Sources */ = {isa = PBXBuildFile; fileRef = 180CCBB624136B630053742C /* DetailViewControllerTests.swift */; };
		18E88A68240EF455003A2F07 /* AppDelegate.swift in Sources */ = {isa = PBXBuildFile; fileRef = 18E88A67240EF455003A2F07 /* AppDelegate.swift */; };
		18E88A6A240EF455003A2F07 /* SceneDelegate.swift in Sources */ = {isa = PBXBuildFile; fileRef = 18E88A69240EF455003A2F07 /* SceneDelegate.swift */; };
		18E88A6C240EF455003A2F07 /* ViewController.swift in Sources */ = {isa = PBXBuildFile; fileRef = 18E88A6B240EF455003A2F07 /* ViewController.swift */; };
		18E88A71240EF45A003A2F07 /* Assets.xcassets in Resources */ = {isa = PBXBuildFile; fileRef = 18E88A70240EF45A003A2F07 /* Assets.xcassets */; };
		18E88A74240EF45A003A2F07 /* LaunchScreen.storyboard in Resources */ = {isa = PBXBuildFile; fileRef = 18E88A72240EF45A003A2F07 /* LaunchScreen.storyboard */; };
		18E88A7F240EF45B003A2F07 /* NikeTestTests.swift in Sources */ = {isa = PBXBuildFile; fileRef = 18E88A7E240EF45B003A2F07 /* NikeTestTests.swift */; };
		18E88AAA24103280003A2F07 /* Feed.swift in Sources */ = {isa = PBXBuildFile; fileRef = 18E88AA924103280003A2F07 /* Feed.swift */; };
		18E88AAC241036B8003A2F07 /* ServiceApple.swift in Sources */ = {isa = PBXBuildFile; fileRef = 18E88AAB241036B8003A2F07 /* ServiceApple.swift */; };
		18E88AAE2410E2C1003A2F07 /* DetailViewController.swift in Sources */ = {isa = PBXBuildFile; fileRef = 18E88AAD2410E2C1003A2F07 /* DetailViewController.swift */; };
		18F6FD4F2411821000A9EEE8 /* FeedModelTests.swift in Sources */ = {isa = PBXBuildFile; fileRef = 18F6FD4E2411821000A9EEE8 /* FeedModelTests.swift */; };
		18F6FD512411848D00A9EEE8 /* MockResponse.json in Resources */ = {isa = PBXBuildFile; fileRef = 18F6FD502411848D00A9EEE8 /* MockResponse.json */; };
		18F6FD522411865E00A9EEE8 /* MockResponse.json in Resources */ = {isa = PBXBuildFile; fileRef = 18F6FD502411848D00A9EEE8 /* MockResponse.json */; };
		18F6FD542411872100A9EEE8 /* MockFetchData.swift in Sources */ = {isa = PBXBuildFile; fileRef = 18F6FD532411872100A9EEE8 /* MockFetchData.swift */; };
/* End PBXBuildFile section */

/* Begin PBXContainerItemProxy section */
		18E88A7B240EF45B003A2F07 /* PBXContainerItemProxy */ = {
			isa = PBXContainerItemProxy;
			containerPortal = 18E88A5C240EF455003A2F07 /* Project object */;
			proxyType = 1;
			remoteGlobalIDString = 18E88A63240EF455003A2F07;
			remoteInfo = NikeTest;
		};
/* End PBXContainerItemProxy section */

/* Begin PBXFileReference section */
		180CCBB624136B630053742C /* DetailViewControllerTests.swift */ = {isa = PBXFileReference; lastKnownFileType = sourcecode.swift; path = DetailViewControllerTests.swift; sourceTree = "<group>"; };
		18E88A64240EF455003A2F07 /* NikeTest.app */ = {isa = PBXFileReference; explicitFileType = wrapper.application; includeInIndex = 0; path = NikeTest.app; sourceTree = BUILT_PRODUCTS_DIR; };
		18E88A67240EF455003A2F07 /* AppDelegate.swift */ = {isa = PBXFileReference; lastKnownFileType = sourcecode.swift; path = AppDelegate.swift; sourceTree = "<group>"; };
		18E88A69240EF455003A2F07 /* SceneDelegate.swift */ = {isa = PBXFileReference; lastKnownFileType = sourcecode.swift; path = SceneDelegate.swift; sourceTree = "<group>"; };
		18E88A6B240EF455003A2F07 /* ViewController.swift */ = {isa = PBXFileReference; lastKnownFileType = sourcecode.swift; path = ViewController.swift; sourceTree = "<group>"; };
		18E88A70240EF45A003A2F07 /* Assets.xcassets */ = {isa = PBXFileReference; lastKnownFileType = folder.assetcatalog; path = Assets.xcassets; sourceTree = "<group>"; };
		18E88A73240EF45A003A2F07 /* Base */ = {isa = PBXFileReference; lastKnownFileType = file.storyboard; name = Base; path = Base.lproj/LaunchScreen.storyboard; sourceTree = "<group>"; };
		18E88A75240EF45A003A2F07 /* Info.plist */ = {isa = PBXFileReference; lastKnownFileType = text.plist.xml; path = Info.plist; sourceTree = "<group>"; };
		18E88A7A240EF45B003A2F07 /* NikeTestTests.xctest */ = {isa = PBXFileReference; explicitFileType = wrapper.cfbundle; includeInIndex = 0; path = NikeTestTests.xctest; sourceTree = BUILT_PRODUCTS_DIR; };
		18E88A7E240EF45B003A2F07 /* NikeTestTests.swift */ = {isa = PBXFileReference; lastKnownFileType = sourcecode.swift; path = NikeTestTests.swift; sourceTree = "<group>"; };
		18E88A80240EF45B003A2F07 /* Info.plist */ = {isa = PBXFileReference; lastKnownFileType = text.plist.xml; path = Info.plist; sourceTree = "<group>"; };
		18E88AA924103280003A2F07 /* Feed.swift */ = {isa = PBXFileReference; lastKnownFileType = sourcecode.swift; path = Feed.swift; sourceTree = "<group>"; };
		18E88AAB241036B8003A2F07 /* ServiceApple.swift */ = {isa = PBXFileReference; lastKnownFileType = sourcecode.swift; path = ServiceApple.swift; sourceTree = "<group>"; };
		18E88AAD2410E2C1003A2F07 /* DetailViewController.swift */ = {isa = PBXFileReference; lastKnownFileType = sourcecode.swift; path = DetailViewController.swift; sourceTree = "<group>"; };
		18F6FD4E2411821000A9EEE8 /* FeedModelTests.swift */ = {isa = PBXFileReference; lastKnownFileType = sourcecode.swift; path = FeedModelTests.swift; sourceTree = "<group>"; };
		18F6FD502411848D00A9EEE8 /* MockResponse.json */ = {isa = PBXFileReference; lastKnownFileType = text.json; path = MockResponse.json; sourceTree = "<group>"; };
		18F6FD532411872100A9EEE8 /* MockFetchData.swift */ = {isa = PBXFileReference; lastKnownFileType = sourcecode.swift; path = MockFetchData.swift; sourceTree = "<group>"; };
/* End PBXFileReference section */

/* Begin PBXFrameworksBuildPhase section */
		18E88A61240EF455003A2F07 /* Frameworks */ = {
			isa = PBXFrameworksBuildPhase;
			buildActionMask = 2147483647;
			files = (
			);
			runOnlyForDeploymentPostprocessing = 0;
		};
		18E88A77240EF45B003A2F07 /* Frameworks */ = {
			isa = PBXFrameworksBuildPhase;
			buildActionMask = 2147483647;
			files = (
			);
			runOnlyForDeploymentPostprocessing = 0;
		};
/* End PBXFrameworksBuildPhase section */

/* Begin PBXGroup section */
		18E88A5B240EF455003A2F07 = {
			isa = PBXGroup;
			children = (
				18E88A66240EF455003A2F07 /* NikeTest */,
				18E88A7D240EF45B003A2F07 /* NikeTestTests */,
				18E88A65240EF455003A2F07 /* Products */,
			);
			sourceTree = "<group>";
		};
		18E88A65240EF455003A2F07 /* Products */ = {
			isa = PBXGroup;
			children = (
				18E88A64240EF455003A2F07 /* NikeTest.app */,
				18E88A7A240EF45B003A2F07 /* NikeTestTests.xctest */,
			);
			name = Products;
			sourceTree = "<group>";
		};
		18E88A66240EF455003A2F07 /* NikeTest */ = {
			isa = PBXGroup;
			children = (
				18E88A67240EF455003A2F07 /* AppDelegate.swift */,
				18E88AA924103280003A2F07 /* Feed.swift */,
				18E88AAD2410E2C1003A2F07 /* DetailViewController.swift */,
				18E88A69240EF455003A2F07 /* SceneDelegate.swift */,
				18E88A6B240EF455003A2F07 /* ViewController.swift */,
				18E88AAB241036B8003A2F07 /* ServiceApple.swift */,
				18E88A70240EF45A003A2F07 /* Assets.xcassets */,
				18E88A72240EF45A003A2F07 /* LaunchScreen.storyboard */,
				18E88A75240EF45A003A2F07 /* Info.plist */,
			);
			path = NikeTest;
			sourceTree = "<group>";
		};
		18E88A7D240EF45B003A2F07 /* NikeTestTests */ = {
			isa = PBXGroup;
			children = (
				18F6FD502411848D00A9EEE8 /* MockResponse.json */,
				180CCBB624136B630053742C /* DetailViewControllerTests.swift */,
				18E88A7E240EF45B003A2F07 /* NikeTestTests.swift */,
				18F6FD4E2411821000A9EEE8 /* FeedModelTests.swift */,
				18F6FD532411872100A9EEE8 /* MockFetchData.swift */,
				18E88A80240EF45B003A2F07 /* Info.plist */,
			);
			path = NikeTestTests;
			sourceTree = "<group>";
		};
/* End PBXGroup section */

/* Begin PBXNativeTarget section */
		18E88A63240EF455003A2F07 /* NikeTest */ = {
			isa = PBXNativeTarget;
			buildConfigurationList = 18E88A83240EF45B003A2F07 /* Build configuration list for PBXNativeTarget "NikeTest" */;
			buildPhases = (
				18E88A60240EF455003A2F07 /* Sources */,
				18E88A61240EF455003A2F07 /* Frameworks */,
				18E88A62240EF455003A2F07 /* Resources */,
			);
			buildRules = (
			);
			dependencies = (
			);
			name = NikeTest;
			productName = NikeTest;
			productReference = 18E88A64240EF455003A2F07 /* NikeTest.app */;
			productType = "com.apple.product-type.application";
		};
		18E88A79240EF45B003A2F07 /* NikeTestTests */ = {
			isa = PBXNativeTarget;
			buildConfigurationList = 18E88A86240EF45B003A2F07 /* Build configuration list for PBXNativeTarget "NikeTestTests" */;
			buildPhases = (
				18E88A76240EF45B003A2F07 /* Sources */,
				18E88A77240EF45B003A2F07 /* Frameworks */,
				18E88A78240EF45B003A2F07 /* Resources */,
			);
			buildRules = (
			);
			dependencies = (
				18E88A7C240EF45B003A2F07 /* PBXTargetDependency */,
			);
			name = NikeTestTests;
			productName = NikeTestTests;
			productReference = 18E88A7A240EF45B003A2F07 /* NikeTestTests.xctest */;
			productType = "com.apple.product-type.bundle.unit-test";
		};
/* End PBXNativeTarget section */

/* Begin PBXProject section */
		18E88A5C240EF455003A2F07 /* Project object */ = {
			isa = PBXProject;
			attributes = {
				LastSwiftUpdateCheck = 1110;
				LastUpgradeCheck = 1110;
				ORGANIZATIONNAME = Apple;
				TargetAttributes = {
					18E88A63240EF455003A2F07 = {
						CreatedOnToolsVersion = 11.1;
					};
					18E88A79240EF45B003A2F07 = {
						CreatedOnToolsVersion = 11.1;
						TestTargetID = 18E88A63240EF455003A2F07;
					};
				};
			};
			buildConfigurationList = 18E88A5F240EF455003A2F07 /* Build configuration list for PBXProject "NikeTest" */;
			compatibilityVersion = "Xcode 9.3";
			developmentRegion = en;
			hasScannedForEncodings = 0;
			knownRegions = (
				en,
				Base,
			);
			mainGroup = 18E88A5B240EF455003A2F07;
			productRefGroup = 18E88A65240EF455003A2F07 /* Products */;
			projectDirPath = "";
			projectRoot = "";
			targets = (
				18E88A63240EF455003A2F07 /* NikeTest */,
				18E88A79240EF45B003A2F07 /* NikeTestTests */,
			);
		};
/* End PBXProject section */

/* Begin PBXResourcesBuildPhase section */
		18E88A62240EF455003A2F07 /* Resources */ = {
			isa = PBXResourcesBuildPhase;
			buildActionMask = 2147483647;
			files = (
				18E88A74240EF45A003A2F07 /* LaunchScreen.storyboard in Resources */,
				18E88A71240EF45A003A2F07 /* Assets.xcassets in Resources */,
				18F6FD522411865E00A9EEE8 /* MockResponse.json in Resources */,
			);
			runOnlyForDeploymentPostprocessing = 0;
		};
		18E88A78240EF45B003A2F07 /* Resources */ = {
			isa = PBXResourcesBuildPhase;
			buildActionMask = 2147483647;
			files = (
				18F6FD512411848D00A9EEE8 /* MockResponse.json in Resources */,
			);
			runOnlyForDeploymentPostprocessing = 0;
		};
/* End PBXResourcesBuildPhase section */

/* Begin PBXSourcesBuildPhase section */
		18E88A60240EF455003A2F07 /* Sources */ = {
			isa = PBXSourcesBuildPhase;
			buildActionMask = 2147483647;
			files = (
				18E88AAC241036B8003A2F07 /* ServiceApple.swift in Sources */,
				18E88A6C240EF455003A2F07 /* ViewController.swift in Sources */,
				18E88A68240EF455003A2F07 /* AppDelegate.swift in Sources */,
				18E88AAE2410E2C1003A2F07 /* DetailViewController.swift in Sources */,
				18E88A6A240EF455003A2F07 /* SceneDelegate.swift in Sources */,
				18E88AAA24103280003A2F07 /* Feed.swift in Sources */,
			);
			runOnlyForDeploymentPostprocessing = 0;
		};
		18E88A76240EF45B003A2F07 /* Sources */ = {
			isa = PBXSourcesBuildPhase;
			buildActionMask = 2147483647;
			files = (
				18F6FD542411872100A9EEE8 /* MockFetchData.swift in Sources */,
				18E88A7F240EF45B003A2F07 /* NikeTestTests.swift in Sources */,
				18F6FD4F2411821000A9EEE8 /* FeedModelTests.swift in Sources */,
				180CCBBA241372270053742C /* DetailViewControllerTests.swift in Sources */,
			);
			runOnlyForDeploymentPostprocessing = 0;
		};
/* End PBXSourcesBuildPhase section */

/* Begin PBXTargetDependency section */
		18E88A7C240EF45B003A2F07 /* PBXTargetDependency */ = {
			isa = PBXTargetDependency;
			target = 18E88A63240EF455003A2F07 /* NikeTest */;
			targetProxy = 18E88A7B240EF45B003A2F07 /* PBXContainerItemProxy */;
		};
/* End PBXTargetDependency section */

/* Begin PBXVariantGroup section */
		18E88A72240EF45A003A2F07 /* LaunchScreen.storyboard */ = {
			isa = PBXVariantGroup;
			children = (
				18E88A73240EF45A003A2F07 /* Base */,
			);
			name = LaunchScreen.storyboard;
			sourceTree = "<group>";
		};
/* End PBXVariantGroup section */

/* Begin XCBuildConfiguration section */
		18E88A81240EF45B003A2F07 /* Debug */ = {
			isa = XCBuildConfiguration;
			buildSettings = {
				ALWAYS_SEARCH_USER_PATHS = NO;
				CLANG_ANALYZER_NONNULL = YES;
				CLANG_ANALYZER_NUMBER_OBJECT_CONVERSION = YES_AGGRESSIVE;
				CLANG_CXX_LANGUAGE_STANDARD = "gnu++14";
				CLANG_CXX_LIBRARY = "libc++";
				CLANG_ENABLE_MODULES = YES;
				CLANG_ENABLE_OBJC_ARC = YES;
				CLANG_ENABLE_OBJC_WEAK = YES;
				CLANG_WARN_BLOCK_CAPTURE_AUTORELEASING = YES;
				CLANG_WARN_BOOL_CONVERSION = YES;
				CLANG_WARN_COMMA = YES;
				CLANG_WARN_CONSTANT_CONVERSION = YES;
				CLANG_WARN_DEPRECATED_OBJC_IMPLEMENTATIONS = YES;
				CLANG_WARN_DIRECT_OBJC_ISA_USAGE = YES_ERROR;
				CLANG_WARN_DOCUMENTATION_COMMENTS = YES;
				CLANG_WARN_EMPTY_BODY = YES;
				CLANG_WARN_ENUM_CONVERSION = YES;
				CLANG_WARN_INFINITE_RECURSION = YES;
				CLANG_WARN_INT_CONVERSION = YES;
				CLANG_WARN_NON_LITERAL_NULL_CONVERSION = YES;
				CLANG_WARN_OBJC_IMPLICIT_RETAIN_SELF = YES;
				CLANG_WARN_OBJC_LITERAL_CONVERSION = YES;
				CLANG_WARN_OBJC_ROOT_CLASS = YES_ERROR;
				CLANG_WARN_RANGE_LOOP_ANALYSIS = YES;
				CLANG_WARN_STRICT_PROTOTYPES = YES;
				CLANG_WARN_SUSPICIOUS_MOVE = YES;
				CLANG_WARN_UNGUARDED_AVAILABILITY = YES_AGGRESSIVE;
				CLANG_WARN_UNREACHABLE_CODE = YES;
				CLANG_WARN__DUPLICATE_METHOD_MATCH = YES;
				COPY_PHASE_STRIP = NO;
				DEBUG_INFORMATION_FORMAT = dwarf;
				ENABLE_STRICT_OBJC_MSGSEND = YES;
				ENABLE_TESTABILITY = YES;
				GCC_C_LANGUAGE_STANDARD = gnu11;
				GCC_DYNAMIC_NO_PIC = NO;
				GCC_NO_COMMON_BLOCKS = YES;
				GCC_OPTIMIZATION_LEVEL = 0;
				GCC_PREPROCESSOR_DEFINITIONS = (
					"DEBUG=1",
					"$(inherited)",
				);
				GCC_WARN_64_TO_32_BIT_CONVERSION = YES;
				GCC_WARN_ABOUT_RETURN_TYPE = YES_ERROR;
				GCC_WARN_UNDECLARED_SELECTOR = YES;
				GCC_WARN_UNINITIALIZED_AUTOS = YES_AGGRESSIVE;
				GCC_WARN_UNUSED_FUNCTION = YES;
				GCC_WARN_UNUSED_VARIABLE = YES;
				IPHONEOS_DEPLOYMENT_TARGET = 13.1;
				MTL_ENABLE_DEBUG_INFO = INCLUDE_SOURCE;
				MTL_FAST_MATH = YES;
				ONLY_ACTIVE_ARCH = YES;
				SDKROOT = iphoneos;
				SWIFT_ACTIVE_COMPILATION_CONDITIONS = DEBUG;
				SWIFT_OPTIMIZATION_LEVEL = "-Onone";
			};
			name = Debug;
		};
		18E88A82240EF45B003A2F07 /* Release */ = {
			isa = XCBuildConfiguration;
			buildSettings = {
				ALWAYS_SEARCH_USER_PATHS = NO;
				CLANG_ANALYZER_NONNULL = YES;
				CLANG_ANALYZER_NUMBER_OBJECT_CONVERSION = YES_AGGRESSIVE;
				CLANG_CXX_LANGUAGE_STANDARD = "gnu++14";
				CLANG_CXX_LIBRARY = "libc++";
				CLANG_ENABLE_MODULES = YES;
				CLANG_ENABLE_OBJC_ARC = YES;
				CLANG_ENABLE_OBJC_WEAK = YES;
				CLANG_WARN_BLOCK_CAPTURE_AUTORELEASING = YES;
				CLANG_WARN_BOOL_CONVERSION = YES;
				CLANG_WARN_COMMA = YES;
				CLANG_WARN_CONSTANT_CONVERSION = YES;
				CLANG_WARN_DEPRECATED_OBJC_IMPLEMENTATIONS = YES;
				CLANG_WARN_DIRECT_OBJC_ISA_USAGE = YES_ERROR;
				CLANG_WARN_DOCUMENTATION_COMMENTS = YES;
				CLANG_WARN_EMPTY_BODY = YES;
				CLANG_WARN_ENUM_CONVERSION = YES;
				CLANG_WARN_INFINITE_RECURSION = YES;
				CLANG_WARN_INT_CONVERSION = YES;
				CLANG_WARN_NON_LITERAL_NULL_CONVERSION = YES;
				CLANG_WARN_OBJC_IMPLICIT_RETAIN_SELF = YES;
				CLANG_WARN_OBJC_LITERAL_CONVERSION = YES;
				CLANG_WARN_OBJC_ROOT_CLASS = YES_ERROR;
				CLANG_WARN_RANGE_LOOP_ANALYSIS = YES;
				CLANG_WARN_STRICT_PROTOTYPES = YES;
				CLANG_WARN_SUSPICIOUS_MOVE = YES;
				CLANG_WARN_UNGUARDED_AVAILABILITY = YES_AGGRESSIVE;
				CLANG_WARN_UNREACHABLE_CODE = YES;
				CLANG_WARN__DUPLICATE_METHOD_MATCH = YES;
				COPY_PHASE_STRIP = NO;
				DEBUG_INFORMATION_FORMAT = "dwarf-with-dsym";
				ENABLE_NS_ASSERTIONS = NO;
				ENABLE_STRICT_OBJC_MSGSEND = YES;
				GCC_C_LANGUAGE_STANDARD = gnu11;
				GCC_NO_COMMON_BLOCKS = YES;
				GCC_WARN_64_TO_32_BIT_CONVERSION = YES;
				GCC_WARN_ABOUT_RETURN_TYPE = YES_ERROR;
				GCC_WARN_UNDECLARED_SELECTOR = YES;
				GCC_WARN_UNINITIALIZED_AUTOS = YES_AGGRESSIVE;
				GCC_WARN_UNUSED_FUNCTION = YES;
				GCC_WARN_UNUSED_VARIABLE = YES;
				IPHONEOS_DEPLOYMENT_TARGET = 13.1;
				MTL_ENABLE_DEBUG_INFO = NO;
				MTL_FAST_MATH = YES;
				SDKROOT = iphoneos;
				SWIFT_COMPILATION_MODE = wholemodule;
				SWIFT_OPTIMIZATION_LEVEL = "-O";
				VALIDATE_PRODUCT = YES;
			};
			name = Release;
		};
		18E88A84240EF45B003A2F07 /* Debug */ = {
			isa = XCBuildConfiguration;
			buildSettings = {
				ASSETCATALOG_COMPILER_APPICON_NAME = AppIcon;
				CODE_SIGN_STYLE = Automatic;
				DEVELOPMENT_TEAM = CA4S4JBP44;
				INFOPLIST_FILE = NikeTest/Info.plist;
				LD_RUNPATH_SEARCH_PATHS = (
					"$(inherited)",
					"@executable_path/Frameworks",
				);
				PRODUCT_BUNDLE_IDENTIFIER = com.nike.NikeTest;
				PRODUCT_NAME = "$(TARGET_NAME)";
				SWIFT_VERSION = 5.0;
				TARGETED_DEVICE_FAMILY = "1,2";
			};
			name = Debug;
		};
		18E88A85240EF45B003A2F07 /* Release */ = {
			isa = XCBuildConfiguration;
			buildSettings = {
				ASSETCATALOG_COMPILER_APPICON_NAME = AppIcon;
				CODE_SIGN_STYLE = Automatic;
				DEVELOPMENT_TEAM = CA4S4JBP44;
				INFOPLIST_FILE = NikeTest/Info.plist;
				LD_RUNPATH_SEARCH_PATHS = (
					"$(inherited)",
					"@executable_path/Frameworks",
				);
				PRODUCT_BUNDLE_IDENTIFIER = com.nike.NikeTest;
				PRODUCT_NAME = "$(TARGET_NAME)";
				SWIFT_VERSION = 5.0;
				TARGETED_DEVICE_FAMILY = "1,2";
			};
			name = Release;
		};
		18E88A87240EF45B003A2F07 /* Debug */ = {
			isa = XCBuildConfiguration;
			buildSettings = {
				ALWAYS_EMBED_SWIFT_STANDARD_LIBRARIES = YES;
				BUNDLE_LOADER = "$(TEST_HOST)";
				CODE_SIGN_STYLE = Automatic;
				DEVELOPMENT_TEAM = CA4S4JBP44;
				INFOPLIST_FILE = NikeTestTests/Info.plist;
				IPHONEOS_DEPLOYMENT_TARGET = 13.1;
				LD_RUNPATH_SEARCH_PATHS = (
					"$(inherited)",
					"@executable_path/Frameworks",
					"@loader_path/Frameworks",
				);
				PRODUCT_BUNDLE_IDENTIFIER = com.nike.NikeTestTests;
				PRODUCT_NAME = "$(TARGET_NAME)";
				SWIFT_VERSION = 5.0;
				TARGETED_DEVICE_FAMILY = "1,2";
				TEST_HOST = "$(BUILT_PRODUCTS_DIR)/NikeTest.app/NikeTest";
			};
			name = Debug;
		};
		18E88A88240EF45B003A2F07 /* Release */ = {
			isa = XCBuildConfiguration;
			buildSettings = {
				ALWAYS_EMBED_SWIFT_STANDARD_LIBRARIES = YES;
				BUNDLE_LOADER = "$(TEST_HOST)";
				CODE_SIGN_STYLE = Automatic;
				DEVELOPMENT_TEAM = CA4S4JBP44;
				INFOPLIST_FILE = NikeTestTests/Info.plist;
				IPHONEOS_DEPLOYMENT_TARGET = 13.1;
				LD_RUNPATH_SEARCH_PATHS = (
					"$(inherited)",
					"@executable_path/Frameworks",
					"@loader_path/Frameworks",
				);
				PRODUCT_BUNDLE_IDENTIFIER = com.nike.NikeTestTests;
				PRODUCT_NAME = "$(TARGET_NAME)";
				SWIFT_VERSION = 5.0;
				TARGETED_DEVICE_FAMILY = "1,2";
				TEST_HOST = "$(BUILT_PRODUCTS_DIR)/NikeTest.app/NikeTest";
			};
			name = Release;
		};
/* End XCBuildConfiguration section */

/* Begin XCConfigurationList section */
		18E88A5F240EF455003A2F07 /* Build configuration list for PBXProject "NikeTest" */ = {
			isa = XCConfigurationList;
			buildConfigurations = (
				18E88A81240EF45B003A2F07 /* Debug */,
				18E88A82240EF45B003A2F07 /* Release */,
			);
			defaultConfigurationIsVisible = 0;
			defaultConfigurationName = Release;
		};
		18E88A83240EF45B003A2F07 /* Build configuration list for PBXNativeTarget "NikeTest" */ = {
			isa = XCConfigurationList;
			buildConfigurations = (
				18E88A84240EF45B003A2F07 /* Debug */,
				18E88A85240EF45B003A2F07 /* Release */,
			);
			defaultConfigurationIsVisible = 0;
			defaultConfigurationName = Release;
		};
		18E88A86240EF45B003A2F07 /* Build configuration list for PBXNativeTarget "NikeTestTests" */ = {
			isa = XCConfigurationList;
			buildConfigurations = (
				18E88A87240EF45B003A2F07 /* Debug */,
				18E88A88240EF45B003A2F07 /* Release */,
			);
			defaultConfigurationIsVisible = 0;
			defaultConfigurationName = Release;
		};
/* End XCConfigurationList section */
	};
	rootObject = 18E88A5C240EF455003A2F07 /* Project object */;
}
